
Microsoft Visual Studio Solution File, Format Version 12.00
# Visual Studio Version 16
VisualStudioVersion = 16.0.31515.178
MinimumVisualStudioVersion = 10.0.40219.1
Project("{FAE04EC0-301F-11D3-BF4B-00C04F79EFBC}") = "Practica 2", "Practica 2.csproj", "{C3DE9BDC-3473-45AD-ABD8-1D8BAB054BCA}"
EndProject
Global
	GlobalSection(SolutionConfigurationPlatforms) = preSolution
		Debug|Any CPU = Debug|Any CPU
		Release|Any CPU = Release|Any CPU
	EndGlobalSection
	GlobalSection(ProjectConfigurationPlatforms) = postSolution
		{C3DE9BDC-3473-45AD-ABD8-1D8BAB054BCA}.Debug|Any CPU.ActiveCfg = Debug|Any CPU
		{C3DE9BDC-3473-45AD-ABD8-1D8BAB054BCA}.Debug|Any CPU.Build.0 = Debug|Any CPU
		{C3DE9BDC-3473-45AD-ABD8-1D8BAB054BCA}.Release|Any CPU.ActiveCfg = Release|Any CPU
		{C3DE9BDC-3473-45AD-ABD8-1D8BAB054BCA}.Release|Any CPU.Build.0 = Release|Any CPU
	EndGlobalSection
	GlobalSection(SolutionProperties) = preSolution
		HideSolutionNode = FALSE
	EndGlobalSection
	GlobalSection(ExtensibilityGlobals) = postSolution
		SolutionGuid = {89E39430-0454-4E15-950E-9C8070EF8D5F}
	EndGlobalSection
EndGlobal
